
Microsoft Visual Studio Solution File, Format Version 12.00
# Visual Studio Version 16
VisualStudioVersion = 16.0.30204.135
MinimumVisualStudioVersion = 10.0.40219.1
Project("{9A19103F-16F7-4668-BE54-9A1E7A4F7556}") = "FSharpTest", "FSharpTest\FSharpTest.csproj", "{A486F745-3F0F-4BDD-B77E-F51EF5BC4B1B}"
EndProject
Project("{6EC3EE1D-3C4E-46DD-8F32-0CC8E7565705}") = "FSharpLib", "FSharpLib\FSharpLib.fsproj", "{E19FF0A1-F0DC-48AC-B214-F0D5D01353DA}"
EndProject
Project("{9A19103F-16F7-4668-BE54-9A1E7A4F7556}") = "CSharpLib", "CSharpLib\CSharpLib.csproj", "{3931AC74-B488-461F-949D-C6FBC406B2A7}"
EndProject
Project("{9A19103F-16F7-4668-BE54-9A1E7A4F7556}") = "WpfTest", "WpfTest\WpfTest.csproj", "{2D498B46-A3BF-44EC-A027-D808E0026BA4}"
EndProject
Project("{FAE04EC0-301F-11D3-BF4B-00C04F79EFBC}") = "AlgorithmsLib", "AlgorithmsLib\AlgorithmsLib.csproj", "{045B4308-46ED-4E40-8BE6-BD298B692D9D}"
EndProject
Global
	GlobalSection(SolutionConfigurationPlatforms) = preSolution
		Debug|Any CPU = Debug|Any CPU
		Release|Any CPU = Release|Any CPU
	EndGlobalSection
	GlobalSection(ProjectConfigurationPlatforms) = postSolution
		{A486F745-3F0F-4BDD-B77E-F51EF5BC4B1B}.Debug|Any CPU.ActiveCfg = Debug|Any CPU
		{A486F745-3F0F-4BDD-B77E-F51EF5BC4B1B}.Debug|Any CPU.Build.0 = Debug|Any CPU
		{A486F745-3F0F-4BDD-B77E-F51EF5BC4B1B}.Release|Any CPU.ActiveCfg = Release|Any CPU
		{A486F745-3F0F-4BDD-B77E-F51EF5BC4B1B}.Release|Any CPU.Build.0 = Release|Any CPU
		{E19FF0A1-F0DC-48AC-B214-F0D5D01353DA}.Debug|Any CPU.ActiveCfg = Debug|Any CPU
		{E19FF0A1-F0DC-48AC-B214-F0D5D01353DA}.Debug|Any CPU.Build.0 = Debug|Any CPU
		{E19FF0A1-F0DC-48AC-B214-F0D5D01353DA}.Release|Any CPU.ActiveCfg = Release|Any CPU
		{E19FF0A1-F0DC-48AC-B214-F0D5D01353DA}.Release|Any CPU.Build.0 = Release|Any CPU
		{3931AC74-B488-461F-949D-C6FBC406B2A7}.Debug|Any CPU.ActiveCfg = Debug|Any CPU
		{3931AC74-B488-461F-949D-C6FBC406B2A7}.Debug|Any CPU.Build.0 = Debug|Any CPU
		{3931AC74-B488-461F-949D-C6FBC406B2A7}.Release|Any CPU.ActiveCfg = Release|Any CPU
		{3931AC74-B488-461F-949D-C6FBC406B2A7}.Release|Any CPU.Build.0 = Release|Any CPU
		{2D498B46-A3BF-44EC-A027-D808E0026BA4}.Debug|Any CPU.ActiveCfg = Debug|Any CPU
		{2D498B46-A3BF-44EC-A027-D808E0026BA4}.Debug|Any CPU.Build.0 = Debug|Any CPU
		{2D498B46-A3BF-44EC-A027-D808E0026BA4}.Release|Any CPU.ActiveCfg = Release|Any CPU
		{2D498B46-A3BF-44EC-A027-D808E0026BA4}.Release|Any CPU.Build.0 = Release|Any CPU
		{045B4308-46ED-4E40-8BE6-BD298B692D9D}.Debug|Any CPU.ActiveCfg = Debug|Any CPU
		{045B4308-46ED-4E40-8BE6-BD298B692D9D}.Debug|Any CPU.Build.0 = Debug|Any CPU
		{045B4308-46ED-4E40-8BE6-BD298B692D9D}.Release|Any CPU.ActiveCfg = Release|Any CPU
		{045B4308-46ED-4E40-8BE6-BD298B692D9D}.Release|Any CPU.Build.0 = Release|Any CPU
	EndGlobalSection
	GlobalSection(SolutionProperties) = preSolution
		HideSolutionNode = FALSE
	EndGlobalSection
	GlobalSection(ExtensibilityGlobals) = postSolution
		SolutionGuid = {A46629E5-06BA-42C5-BF59-C170D612D8B5}
	EndGlobalSection
EndGlobal
